
Microsoft Visual Studio Solution File, Format Version 12.00
# Visual Studio Version 16
VisualStudioVersion = 16.0.29409.12
MinimumVisualStudioVersion = 10.0.40219.1
Project("{FAE04EC0-301F-11D3-BF4B-00C04F79EFBC}") = "Branching", "Branching\Branching.csproj", "{03D9825A-90F3-4CE2-A1A9-B3438D6FF261}"
EndProject
Global
	GlobalSection(SolutionConfigurationPlatforms) = preSolution
		Debug|Any CPU = Debug|Any CPU
		Release|Any CPU = Release|Any CPU
	EndGlobalSection
	GlobalSection(ProjectConfigurationPlatforms) = postSolution
		{03D9825A-90F3-4CE2-A1A9-B3438D6FF261}.Debug|Any CPU.ActiveCfg = Debug|Any CPU
		{03D9825A-90F3-4CE2-A1A9-B3438D6FF261}.Debug|Any CPU.Build.0 = Debug|Any CPU
		{03D9825A-90F3-4CE2-A1A9-B3438D6FF261}.Release|Any CPU.ActiveCfg = Release|Any CPU
		{03D9825A-90F3-4CE2-A1A9-B3438D6FF261}.Release|Any CPU.Build.0 = Release|Any CPU
	EndGlobalSection
	GlobalSection(SolutionProperties) = preSolution
		HideSolutionNode = FALSE
	EndGlobalSection
	GlobalSection(ExtensibilityGlobals) = postSolution
		SolutionGuid = {EB6F06A5-0D3E-469F-9D0E-81B85ABD231C}
	EndGlobalSection
EndGlobal
